
Microsoft Visual Studio Solution File, Format Version 12.00
# Visual Studio Version 16
VisualStudioVersion = 16.0.29123.88
MinimumVisualStudioVersion = 10.0.40219.1
Project("{FAE04EC0-301F-11D3-BF4B-00C04F79EFBC}") = "ghlcrypt", "ghlcrypt\ghlcrypt.csproj", "{C31FCAD2-0131-4402-AB73-CA70223EAD04}"
EndProject
Global
	GlobalSection(SolutionConfigurationPlatforms) = preSolution
		Debug|Any CPU = Debug|Any CPU
		Release|Any CPU = Release|Any CPU
	EndGlobalSection
	GlobalSection(ProjectConfigurationPlatforms) = postSolution
		{C31FCAD2-0131-4402-AB73-CA70223EAD04}.Debug|Any CPU.ActiveCfg = Debug|Any CPU
		{C31FCAD2-0131-4402-AB73-CA70223EAD04}.Debug|Any CPU.Build.0 = Debug|Any CPU
		{C31FCAD2-0131-4402-AB73-CA70223EAD04}.Release|Any CPU.ActiveCfg = Release|Any CPU
		{C31FCAD2-0131-4402-AB73-CA70223EAD04}.Release|Any CPU.Build.0 = Release|Any CPU
	EndGlobalSection
	GlobalSection(SolutionProperties) = preSolution
		HideSolutionNode = FALSE
	EndGlobalSection
	GlobalSection(ExtensibilityGlobals) = postSolution
		SolutionGuid = {3BB65D1A-C008-4C03-AC92-23B6E6E40DDA}
	EndGlobalSection
EndGlobal
